// !$*UTF8*$!
{
	archiveVersion = 1;
	classes = {
	};
	objectVersion = 50;
	objects = {

/* Begin PBXBuildFile section */
		163893CA239B4E510082A850 /* UIColor+extension.swift in Sources */ = {isa = PBXBuildFile; fileRef = 163893C9239B4E510082A850 /* UIColor+extension.swift */; };
		163893CC239BA6710082A850 /* ActivityCell.swift in Sources */ = {isa = PBXBuildFile; fileRef = 163893CB239BA6710082A850 /* ActivityCell.swift */; };
		163893CE239BA6D30082A850 /* CircleImage.swift in Sources */ = {isa = PBXBuildFile; fileRef = 163893CD239BA6D30082A850 /* CircleImage.swift */; };
		163E49B4239E2CFB005292A2 /* ActivityRow.swift in Sources */ = {isa = PBXBuildFile; fileRef = 163E49B3239E2CFB005292A2 /* ActivityRow.swift */; };
		163E49B6239E2E65005292A2 /* ActivityDetail.swift in Sources */ = {isa = PBXBuildFile; fileRef = 163E49B5239E2E65005292A2 /* ActivityDetail.swift */; };
		166F35B42399F8C7006880A9 /* SearchBar.swift in Sources */ = {isa = PBXBuildFile; fileRef = 166F35B32399F8C7006880A9 /* SearchBar.swift */; };
		1677DC0A239CE084001490FD /* RoundedBadge.swift in Sources */ = {isa = PBXBuildFile; fileRef = 1677DC09239CE084001490FD /* RoundedBadge.swift */; };
		1677DC10239CE162001490FD /* Font.swift in Sources */ = {isa = PBXBuildFile; fileRef = 1677DC0D239CE162001490FD /* Font.swift */; };
		1677DC11239CE162001490FD /* Color.swift in Sources */ = {isa = PBXBuildFile; fileRef = 1677DC0E239CE162001490FD /* Color.swift */; };
		1677DC49239CF1C1001490FD /* CircleText.swift in Sources */ = {isa = PBXBuildFile; fileRef = 1677DC48239CF1C1001490FD /* CircleText.swift */; };
		169E0E7D2398FD55003C3669 /* NavigationBarView.swift in Sources */ = {isa = PBXBuildFile; fileRef = 169E0E7C2398FD55003C3669 /* NavigationBarView.swift */; };
		16A3BD15239744FF00FF79C4 /* AppDelegate.swift in Sources */ = {isa = PBXBuildFile; fileRef = 16A3BD14239744FF00FF79C4 /* AppDelegate.swift */; };
		16A3BD17239744FF00FF79C4 /* SceneDelegate.swift in Sources */ = {isa = PBXBuildFile; fileRef = 16A3BD16239744FF00FF79C4 /* SceneDelegate.swift */; };
		16A3BD19239744FF00FF79C4 /* ContentView.swift in Sources */ = {isa = PBXBuildFile; fileRef = 16A3BD18239744FF00FF79C4 /* ContentView.swift */; };
		16A3BD1B2397450000FF79C4 /* Assets.xcassets in Resources */ = {isa = PBXBuildFile; fileRef = 16A3BD1A2397450000FF79C4 /* Assets.xcassets */; };
		16A3BD1E2397450100FF79C4 /* Preview Assets.xcassets in Resources */ = {isa = PBXBuildFile; fileRef = 16A3BD1D2397450100FF79C4 /* Preview Assets.xcassets */; };
		16A3BD212397450100FF79C4 /* LaunchScreen.storyboard in Resources */ = {isa = PBXBuildFile; fileRef = 16A3BD1F2397450100FF79C4 /* LaunchScreen.storyboard */; };
		16A3BD2D23974A3600FF79C4 /* ShareView.swift in Sources */ = {isa = PBXBuildFile; fileRef = 16A3BD2C23974A3600FF79C4 /* ShareView.swift */; };
		16A3BD2F23974F5A00FF79C4 /* HomeView.swift in Sources */ = {isa = PBXBuildFile; fileRef = 16A3BD2E23974F5A00FF79C4 /* HomeView.swift */; };
		16A3BD3123974F8300FF79C4 /* MessageView.swift in Sources */ = {isa = PBXBuildFile; fileRef = 16A3BD3023974F8300FF79C4 /* MessageView.swift */; };
		16A3BD3323974FA100FF79C4 /* ProfileView.swift in Sources */ = {isa = PBXBuildFile; fileRef = 16A3BD3223974FA100FF79C4 /* ProfileView.swift */; };
		16A3BD352397508900FF79C4 /* MWTabBarViewController.swift in Sources */ = {isa = PBXBuildFile; fileRef = 16A3BD342397508900FF79C4 /* MWTabBarViewController.swift */; };
		16A3BD372397552100FF79C4 /* MWTabView.swift in Sources */ = {isa = PBXBuildFile; fileRef = 16A3BD362397552100FF79C4 /* MWTabView.swift */; };
/* End PBXBuildFile section */

/* Begin PBXFileReference section */
		163893C9239B4E510082A850 /* UIColor+extension.swift */ = {isa = PBXFileReference; lastKnownFileType = sourcecode.swift; path = "UIColor+extension.swift"; sourceTree = "<group>"; };
		163893CB239BA6710082A850 /* ActivityCell.swift */ = {isa = PBXFileReference; lastKnownFileType = sourcecode.swift; path = ActivityCell.swift; sourceTree = "<group>"; };
		163893CD239BA6D30082A850 /* CircleImage.swift */ = {isa = PBXFileReference; lastKnownFileType = sourcecode.swift; path = CircleImage.swift; sourceTree = "<group>"; };
		163E49B3239E2CFB005292A2 /* ActivityRow.swift */ = {isa = PBXFileReference; lastKnownFileType = sourcecode.swift; path = ActivityRow.swift; sourceTree = "<group>"; };
		163E49B5239E2E65005292A2 /* ActivityDetail.swift */ = {isa = PBXFileReference; lastKnownFileType = sourcecode.swift; path = ActivityDetail.swift; sourceTree = "<group>"; };
		166F35B32399F8C7006880A9 /* SearchBar.swift */ = {isa = PBXFileReference; lastKnownFileType = sourcecode.swift; path = SearchBar.swift; sourceTree = "<group>"; };
		1677DC09239CE084001490FD /* RoundedBadge.swift */ = {isa = PBXFileReference; lastKnownFileType = sourcecode.swift; path = RoundedBadge.swift; sourceTree = "<group>"; };
		1677DC0D239CE162001490FD /* Font.swift */ = {isa = PBXFileReference; fileEncoding = 4; lastKnownFileType = sourcecode.swift; path = Font.swift; sourceTree = "<group>"; };
		1677DC0E239CE162001490FD /* Color.swift */ = {isa = PBXFileReference; fileEncoding = 4; lastKnownFileType = sourcecode.swift; path = Color.swift; sourceTree = "<group>"; };
		1677DC48239CF1C1001490FD /* CircleText.swift */ = {isa = PBXFileReference; lastKnownFileType = sourcecode.swift; path = CircleText.swift; sourceTree = "<group>"; };
		169E0E7C2398FD55003C3669 /* NavigationBarView.swift */ = {isa = PBXFileReference; lastKnownFileType = sourcecode.swift; path = NavigationBarView.swift; sourceTree = "<group>"; };
		16A3BD11239744FF00FF79C4 /* chaos_ios.app */ = {isa = PBXFileReference; explicitFileType = wrapper.application; includeInIndex = 0; path = chaos_ios.app; sourceTree = BUILT_PRODUCTS_DIR; };
		16A3BD14239744FF00FF79C4 /* AppDelegate.swift */ = {isa = PBXFileReference; lastKnownFileType = sourcecode.swift; path = AppDelegate.swift; sourceTree = "<group>"; };
		16A3BD16239744FF00FF79C4 /* SceneDelegate.swift */ = {isa = PBXFileReference; lastKnownFileType = sourcecode.swift; path = SceneDelegate.swift; sourceTree = "<group>"; };
		16A3BD18239744FF00FF79C4 /* ContentView.swift */ = {isa = PBXFileReference; lastKnownFileType = sourcecode.swift; path = ContentView.swift; sourceTree = "<group>"; };
		16A3BD1A2397450000FF79C4 /* Assets.xcassets */ = {isa = PBXFileReference; lastKnownFileType = folder.assetcatalog; path = Assets.xcassets; sourceTree = "<group>"; };
		16A3BD1D2397450100FF79C4 /* Preview Assets.xcassets */ = {isa = PBXFileReference; lastKnownFileType = folder.assetcatalog; path = "Preview Assets.xcassets"; sourceTree = "<group>"; };
		16A3BD202397450100FF79C4 /* Base */ = {isa = PBXFileReference; lastKnownFileType = file.storyboard; name = Base; path = Base.lproj/LaunchScreen.storyboard; sourceTree = "<group>"; };
		16A3BD222397450100FF79C4 /* Info.plist */ = {isa = PBXFileReference; lastKnownFileType = text.plist.xml; path = Info.plist; sourceTree = "<group>"; };
		16A3BD2C23974A3600FF79C4 /* ShareView.swift */ = {isa = PBXFileReference; lastKnownFileType = sourcecode.swift; path = ShareView.swift; sourceTree = "<group>"; };
		16A3BD2E23974F5A00FF79C4 /* HomeView.swift */ = {isa = PBXFileReference; lastKnownFileType = sourcecode.swift; path = HomeView.swift; sourceTree = "<group>"; };
		16A3BD3023974F8300FF79C4 /* MessageView.swift */ = {isa = PBXFileReference; lastKnownFileType = sourcecode.swift; path = MessageView.swift; sourceTree = "<group>"; };
		16A3BD3223974FA100FF79C4 /* ProfileView.swift */ = {isa = PBXFileReference; lastKnownFileType = sourcecode.swift; path = ProfileView.swift; sourceTree = "<group>"; };
		16A3BD342397508900FF79C4 /* MWTabBarViewController.swift */ = {isa = PBXFileReference; lastKnownFileType = sourcecode.swift; path = MWTabBarViewController.swift; sourceTree = "<group>"; };
		16A3BD362397552100FF79C4 /* MWTabView.swift */ = {isa = PBXFileReference; lastKnownFileType = sourcecode.swift; path = MWTabView.swift; sourceTree = "<group>"; };
/* End PBXFileReference section */

/* Begin PBXFrameworksBuildPhase section */
		16A3BD0E239744FF00FF79C4 /* Frameworks */ = {
			isa = PBXFrameworksBuildPhase;
			buildActionMask = 2147483647;
			files = (
			);
			runOnlyForDeploymentPostprocessing = 0;
		};
/* End PBXFrameworksBuildPhase section */

/* Begin PBXGroup section */
		1677DC0B239CE162001490FD /* Extensions */ = {
			isa = PBXGroup;
			children = (
				1677DC0D239CE162001490FD /* Font.swift */,
				1677DC0E239CE162001490FD /* Color.swift */,
			);
			path = Extensions;
			sourceTree = "<group>";
		};
		169E0E7B2398FB0B003C3669 /* Widget */ = {
			isa = PBXGroup;
			children = (
				169E0E7C2398FD55003C3669 /* NavigationBarView.swift */,
				166F35B32399F8C7006880A9 /* SearchBar.swift */,
				163893CB239BA6710082A850 /* ActivityCell.swift */,
				163E49B3239E2CFB005292A2 /* ActivityRow.swift */,
				163E49B5239E2E65005292A2 /* ActivityDetail.swift */,
				163893CD239BA6D30082A850 /* CircleImage.swift */,
				1677DC48239CF1C1001490FD /* CircleText.swift */,
				1677DC09239CE084001490FD /* RoundedBadge.swift */,
			);
			path = Widget;
			sourceTree = "<group>";
		};
		16A3BD08239744FF00FF79C4 = {
			isa = PBXGroup;
			children = (
				16A3BD13239744FF00FF79C4 /* chaos_ios */,
				16A3BD12239744FF00FF79C4 /* Products */,
			);
			sourceTree = "<group>";
		};
		16A3BD12239744FF00FF79C4 /* Products */ = {
			isa = PBXGroup;
			children = (
				16A3BD11239744FF00FF79C4 /* chaos_ios.app */,
			);
			name = Products;
			sourceTree = "<group>";
		};
		16A3BD13239744FF00FF79C4 /* chaos_ios */ = {
			isa = PBXGroup;
			children = (
				16A3BD292397486A00FF79C4 /* Services */,
				16A3BD2B2397487500FF79C4 /* Models */,
				16A3BD282397486A00FF79C4 /* ViewModels */,
				16A3BD2A2397486A00FF79C4 /* Views */,
				16A3BD14239744FF00FF79C4 /* AppDelegate.swift */,
				16A3BD16239744FF00FF79C4 /* SceneDelegate.swift */,
				16A3BD18239744FF00FF79C4 /* ContentView.swift */,
				16A3BD362397552100FF79C4 /* MWTabView.swift */,
				16A3BD342397508900FF79C4 /* MWTabBarViewController.swift */,
				163893C9239B4E510082A850 /* UIColor+extension.swift */,
				16A3BD1A2397450000FF79C4 /* Assets.xcassets */,
				16A3BD1F2397450100FF79C4 /* LaunchScreen.storyboard */,
				16A3BD222397450100FF79C4 /* Info.plist */,
				16A3BD1C2397450100FF79C4 /* Preview Content */,
			);
			path = chaos_ios;
			sourceTree = "<group>";
		};
		16A3BD1C2397450100FF79C4 /* Preview Content */ = {
			isa = PBXGroup;
			children = (
				16A3BD1D2397450100FF79C4 /* Preview Assets.xcassets */,
			);
			path = "Preview Content";
			sourceTree = "<group>";
		};
		16A3BD282397486A00FF79C4 /* ViewModels */ = {
			isa = PBXGroup;
			children = (
			);
			path = ViewModels;
			sourceTree = "<group>";
		};
		16A3BD292397486A00FF79C4 /* Services */ = {
			isa = PBXGroup;
			children = (
			);
			path = Services;
			sourceTree = "<group>";
		};
		16A3BD2A2397486A00FF79C4 /* Views */ = {
			isa = PBXGroup;
			children = (
				1677DC0B239CE162001490FD /* Extensions */,
				169E0E7B2398FB0B003C3669 /* Widget */,
				16A3BD2C23974A3600FF79C4 /* ShareView.swift */,
				16A3BD2E23974F5A00FF79C4 /* HomeView.swift */,
				16A3BD3023974F8300FF79C4 /* MessageView.swift */,
				16A3BD3223974FA100FF79C4 /* ProfileView.swift */,
			);
			path = Views;
			sourceTree = "<group>";
		};
		16A3BD2B2397487500FF79C4 /* Models */ = {
			isa = PBXGroup;
			children = (
			);
			path = Models;
			sourceTree = "<group>";
		};
/* End PBXGroup section */

/* Begin PBXNativeTarget section */
		16A3BD10239744FF00FF79C4 /* chaos_ios */ = {
			isa = PBXNativeTarget;
			buildConfigurationList = 16A3BD252397450100FF79C4 /* Build configuration list for PBXNativeTarget "chaos_ios" */;
			buildPhases = (
				16A3BD0D239744FF00FF79C4 /* Sources */,
				16A3BD0E239744FF00FF79C4 /* Frameworks */,
				16A3BD0F239744FF00FF79C4 /* Resources */,
			);
			buildRules = (
			);
			dependencies = (
			);
			name = chaos_ios;
			productName = chaos_ios;
			productReference = 16A3BD11239744FF00FF79C4 /* chaos_ios.app */;
			productType = "com.apple.product-type.application";
		};
/* End PBXNativeTarget section */

/* Begin PBXProject section */
		16A3BD09239744FF00FF79C4 /* Project object */ = {
			isa = PBXProject;
			attributes = {
				LastSwiftUpdateCheck = 1120;
				LastUpgradeCheck = 1120;
				ORGANIZATIONNAME = " 袁斯亮";
				TargetAttributes = {
					16A3BD10239744FF00FF79C4 = {
						CreatedOnToolsVersion = 11.2.1;
					};
				};
			};
			buildConfigurationList = 16A3BD0C239744FF00FF79C4 /* Build configuration list for PBXProject "chaos_ios" */;
			compatibilityVersion = "Xcode 9.3";
			developmentRegion = en;
			hasScannedForEncodings = 0;
			knownRegions = (
				en,
				Base,
			);
			mainGroup = 16A3BD08239744FF00FF79C4;
			productRefGroup = 16A3BD12239744FF00FF79C4 /* Products */;
			projectDirPath = "";
			projectRoot = "";
			targets = (
				16A3BD10239744FF00FF79C4 /* chaos_ios */,
			);
		};
/* End PBXProject section */

/* Begin PBXResourcesBuildPhase section */
		16A3BD0F239744FF00FF79C4 /* Resources */ = {
			isa = PBXResourcesBuildPhase;
			buildActionMask = 2147483647;
			files = (
				16A3BD212397450100FF79C4 /* LaunchScreen.storyboard in Resources */,
				16A3BD1E2397450100FF79C4 /* Preview Assets.xcassets in Resources */,
				16A3BD1B2397450000FF79C4 /* Assets.xcassets in Resources */,
			);
			runOnlyForDeploymentPostprocessing = 0;
		};
/* End PBXResourcesBuildPhase section */

/* Begin PBXSourcesBuildPhase section */
		16A3BD0D239744FF00FF79C4 /* Sources */ = {
			isa = PBXSourcesBuildPhase;
			buildActionMask = 2147483647;
			files = (
				163E49B4239E2CFB005292A2 /* ActivityRow.swift in Sources */,
				1677DC0A239CE084001490FD /* RoundedBadge.swift in Sources */,
				16A3BD3123974F8300FF79C4 /* MessageView.swift in Sources */,
				16A3BD2D23974A3600FF79C4 /* ShareView.swift in Sources */,
				16A3BD15239744FF00FF79C4 /* AppDelegate.swift in Sources */,
				163893CE239BA6D30082A850 /* CircleImage.swift in Sources */,
				163893CA239B4E510082A850 /* UIColor+extension.swift in Sources */,
				163E49B6239E2E65005292A2 /* ActivityDetail.swift in Sources */,
				16A3BD17239744FF00FF79C4 /* SceneDelegate.swift in Sources */,
				169E0E7D2398FD55003C3669 /* NavigationBarView.swift in Sources */,
				16A3BD372397552100FF79C4 /* MWTabView.swift in Sources */,
				163893CC239BA6710082A850 /* ActivityCell.swift in Sources */,
				16A3BD2F23974F5A00FF79C4 /* HomeView.swift in Sources */,
				1677DC10239CE162001490FD /* Font.swift in Sources */,
				16A3BD3323974FA100FF79C4 /* ProfileView.swift in Sources */,
				16A3BD352397508900FF79C4 /* MWTabBarViewController.swift in Sources */,
				1677DC49239CF1C1001490FD /* CircleText.swift in Sources */,
				166F35B42399F8C7006880A9 /* SearchBar.swift in Sources */,
				16A3BD19239744FF00FF79C4 /* ContentView.swift in Sources */,
				1677DC11239CE162001490FD /* Color.swift in Sources */,
			);
			runOnlyForDeploymentPostprocessing = 0;
		};
/* End PBXSourcesBuildPhase section */

/* Begin PBXVariantGroup section */
		16A3BD1F2397450100FF79C4 /* LaunchScreen.storyboard */ = {
			isa = PBXVariantGroup;
			children = (
				16A3BD202397450100FF79C4 /* Base */,
			);
			name = LaunchScreen.storyboard;
			sourceTree = "<group>";
		};
/* End PBXVariantGroup section */

/* Begin XCBuildConfiguration section */
		16A3BD232397450100FF79C4 /* Debug */ = {
			isa = XCBuildConfiguration;
			buildSettings = {
				ALWAYS_SEARCH_USER_PATHS = NO;
				CLANG_ANALYZER_NONNULL = YES;
				CLANG_ANALYZER_NUMBER_OBJECT_CONVERSION = YES_AGGRESSIVE;
				CLANG_CXX_LANGUAGE_STANDARD = "gnu++14";
				CLANG_CXX_LIBRARY = "libc++";
				CLANG_ENABLE_MODULES = YES;
				CLANG_ENABLE_OBJC_ARC = YES;
				CLANG_ENABLE_OBJC_WEAK = YES;
				CLANG_WARN_BLOCK_CAPTURE_AUTORELEASING = YES;
				CLANG_WARN_BOOL_CONVERSION = YES;
				CLANG_WARN_COMMA = YES;
				CLANG_WARN_CONSTANT_CONVERSION = YES;
				CLANG_WARN_DEPRECATED_OBJC_IMPLEMENTATIONS = YES;
				CLANG_WARN_DIRECT_OBJC_ISA_USAGE = YES_ERROR;
				CLANG_WARN_DOCUMENTATION_COMMENTS = YES;
				CLANG_WARN_EMPTY_BODY = YES;
				CLANG_WARN_ENUM_CONVERSION = YES;
				CLANG_WARN_INFINITE_RECURSION = YES;
				CLANG_WARN_INT_CONVERSION = YES;
				CLANG_WARN_NON_LITERAL_NULL_CONVERSION = YES;
				CLANG_WARN_OBJC_IMPLICIT_RETAIN_SELF = YES;
				CLANG_WARN_OBJC_LITERAL_CONVERSION = YES;
				CLANG_WARN_OBJC_ROOT_CLASS = YES_ERROR;
				CLANG_WARN_RANGE_LOOP_ANALYSIS = YES;
				CLANG_WARN_STRICT_PROTOTYPES = YES;
				CLANG_WARN_SUSPICIOUS_MOVE = YES;
				CLANG_WARN_UNGUARDED_AVAILABILITY = YES_AGGRESSIVE;
				CLANG_WARN_UNREACHABLE_CODE = YES;
				CLANG_WARN__DUPLICATE_METHOD_MATCH = YES;
				COPY_PHASE_STRIP = NO;
				DEBUG_INFORMATION_FORMAT = dwarf;
				ENABLE_STRICT_OBJC_MSGSEND = YES;
				ENABLE_TESTABILITY = YES;
				GCC_C_LANGUAGE_STANDARD = gnu11;
				GCC_DYNAMIC_NO_PIC = NO;
				GCC_NO_COMMON_BLOCKS = YES;
				GCC_OPTIMIZATION_LEVEL = 0;
				GCC_PREPROCESSOR_DEFINITIONS = (
					"DEBUG=1",
					"$(inherited)",
				);
				GCC_WARN_64_TO_32_BIT_CONVERSION = YES;
				GCC_WARN_ABOUT_RETURN_TYPE = YES_ERROR;
				GCC_WARN_UNDECLARED_SELECTOR = YES;
				GCC_WARN_UNINITIALIZED_AUTOS = YES_AGGRESSIVE;
				GCC_WARN_UNUSED_FUNCTION = YES;
				GCC_WARN_UNUSED_VARIABLE = YES;
				IPHONEOS_DEPLOYMENT_TARGET = 13.0;
				MTL_ENABLE_DEBUG_INFO = INCLUDE_SOURCE;
				MTL_FAST_MATH = YES;
				ONLY_ACTIVE_ARCH = YES;
				SDKROOT = iphoneos;
				SWIFT_ACTIVE_COMPILATION_CONDITIONS = DEBUG;
				SWIFT_OPTIMIZATION_LEVEL = "-Onone";
			};
			name = Debug;
		};
		16A3BD242397450100FF79C4 /* Release */ = {
			isa = XCBuildConfiguration;
			buildSettings = {
				ALWAYS_SEARCH_USER_PATHS = NO;
				CLANG_ANALYZER_NONNULL = YES;
				CLANG_ANALYZER_NUMBER_OBJECT_CONVERSION = YES_AGGRESSIVE;
				CLANG_CXX_LANGUAGE_STANDARD = "gnu++14";
				CLANG_CXX_LIBRARY = "libc++";
				CLANG_ENABLE_MODULES = YES;
				CLANG_ENABLE_OBJC_ARC = YES;
				CLANG_ENABLE_OBJC_WEAK = YES;
				CLANG_WARN_BLOCK_CAPTURE_AUTORELEASING = YES;
				CLANG_WARN_BOOL_CONVERSION = YES;
				CLANG_WARN_COMMA = YES;
				CLANG_WARN_CONSTANT_CONVERSION = YES;
				CLANG_WARN_DEPRECATED_OBJC_IMPLEMENTATIONS = YES;
				CLANG_WARN_DIRECT_OBJC_ISA_USAGE = YES_ERROR;
				CLANG_WARN_DOCUMENTATION_COMMENTS = YES;
				CLANG_WARN_EMPTY_BODY = YES;
				CLANG_WARN_ENUM_CONVERSION = YES;
				CLANG_WARN_INFINITE_RECURSION = YES;
				CLANG_WARN_INT_CONVERSION = YES;
				CLANG_WARN_NON_LITERAL_NULL_CONVERSION = YES;
				CLANG_WARN_OBJC_IMPLICIT_RETAIN_SELF = YES;
				CLANG_WARN_OBJC_LITERAL_CONVERSION = YES;
				CLANG_WARN_OBJC_ROOT_CLASS = YES_ERROR;
				CLANG_WARN_RANGE_LOOP_ANALYSIS = YES;
				CLANG_WARN_STRICT_PROTOTYPES = YES;
				CLANG_WARN_SUSPICIOUS_MOVE = YES;
				CLANG_WARN_UNGUARDED_AVAILABILITY = YES_AGGRESSIVE;
				CLANG_WARN_UNREACHABLE_CODE = YES;
				CLANG_WARN__DUPLICATE_METHOD_MATCH = YES;
				COPY_PHASE_STRIP = NO;
				DEBUG_INFORMATION_FORMAT = "dwarf-with-dsym";
				ENABLE_NS_ASSERTIONS = NO;
				ENABLE_STRICT_OBJC_MSGSEND = YES;
				GCC_C_LANGUAGE_STANDARD = gnu11;
				GCC_NO_COMMON_BLOCKS = YES;
				GCC_WARN_64_TO_32_BIT_CONVERSION = YES;
				GCC_WARN_ABOUT_RETURN_TYPE = YES_ERROR;
				GCC_WARN_UNDECLARED_SELECTOR = YES;
				GCC_WARN_UNINITIALIZED_AUTOS = YES_AGGRESSIVE;
				GCC_WARN_UNUSED_FUNCTION = YES;
				GCC_WARN_UNUSED_VARIABLE = YES;
				IPHONEOS_DEPLOYMENT_TARGET = 13.0;
				MTL_ENABLE_DEBUG_INFO = NO;
				MTL_FAST_MATH = YES;
				SDKROOT = iphoneos;
				SWIFT_COMPILATION_MODE = wholemodule;
				SWIFT_OPTIMIZATION_LEVEL = "-O";
				VALIDATE_PRODUCT = YES;
			};
			name = Release;
		};
		16A3BD262397450100FF79C4 /* Debug */ = {
			isa = XCBuildConfiguration;
			buildSettings = {
				ASSETCATALOG_COMPILER_APPICON_NAME = AppIcon;
				CODE_SIGN_STYLE = Automatic;
				DEVELOPMENT_ASSET_PATHS = "\"chaos_ios/Preview Content\"";
				DEVELOPMENT_TEAM = 7DG2K65C6B;
				ENABLE_PREVIEWS = YES;
				INFOPLIST_FILE = chaos_ios/Info.plist;
				LD_RUNPATH_SEARCH_PATHS = (
					"$(inherited)",
					"@executable_path/Frameworks",
				);
				PRODUCT_BUNDLE_IDENTIFIER = "net.menwei.chaos-ios";
				PRODUCT_NAME = "$(TARGET_NAME)";
				SWIFT_VERSION = 5.0;
				TARGETED_DEVICE_FAMILY = "1,2";
			};
			name = Debug;
		};
		16A3BD272397450100FF79C4 /* Release */ = {
			isa = XCBuildConfiguration;
			buildSettings = {
				ASSETCATALOG_COMPILER_APPICON_NAME = AppIcon;
				CODE_SIGN_STYLE = Automatic;
				DEVELOPMENT_ASSET_PATHS = "\"chaos_ios/Preview Content\"";
				DEVELOPMENT_TEAM = 7DG2K65C6B;
				ENABLE_PREVIEWS = YES;
				INFOPLIST_FILE = chaos_ios/Info.plist;
				LD_RUNPATH_SEARCH_PATHS = (
					"$(inherited)",
					"@executable_path/Frameworks",
				);
				PRODUCT_BUNDLE_IDENTIFIER = "net.menwei.chaos-ios";
				PRODUCT_NAME = "$(TARGET_NAME)";
				SWIFT_VERSION = 5.0;
				TARGETED_DEVICE_FAMILY = "1,2";
			};
			name = Release;
		};
/* End XCBuildConfiguration section */

/* Begin XCConfigurationList section */
		16A3BD0C239744FF00FF79C4 /* Build configuration list for PBXProject "chaos_ios" */ = {
			isa = XCConfigurationList;
			buildConfigurations = (
				16A3BD232397450100FF79C4 /* Debug */,
				16A3BD242397450100FF79C4 /* Release */,
			);
			defaultConfigurationIsVisible = 0;
			defaultConfigurationName = Release;
		};
		16A3BD252397450100FF79C4 /* Build configuration list for PBXNativeTarget "chaos_ios" */ = {
			isa = XCConfigurationList;
			buildConfigurations = (
				16A3BD262397450100FF79C4 /* Debug */,
				16A3BD272397450100FF79C4 /* Release */,
			);
			defaultConfigurationIsVisible = 0;
			defaultConfigurationName = Release;
		};
/* End XCConfigurationList section */
	};
	rootObject = 16A3BD09239744FF00FF79C4 /* Project object */;
}
